
Microsoft Visual Studio Solution File, Format Version 12.00
# Visual Studio Version 17
VisualStudioVersion = 17.11.35327.3
MinimumVisualStudioVersion = 10.0.40219.1
Project("{9A19103F-16F7-4668-BE54-9A1E7A4F7556}") = "Day 1", "Day 1\Day 1.csproj", "{F0F5AB39-A172-4CE0-B216-B7BCF8F1D7B6}"
EndProject
Project("{9A19103F-16F7-4668-BE54-9A1E7A4F7556}") = "Helper", "Helper\Helper.csproj", "{D2F18E13-8CBF-4BBD-9E51-6E799A334C2F}"
EndProject
Project("{9A19103F-16F7-4668-BE54-9A1E7A4F7556}") = "Day 2", "Day 2\Day 2.csproj", "{1AD309C2-8980-4DAF-8454-70787948260A}"
EndProject
Project("{9A19103F-16F7-4668-BE54-9A1E7A4F7556}") = "Day 3", "Day 3\Day 3.csproj", "{4608614B-C237-4B1F-93C3-A920C1C79137}"
EndProject
Project("{9A19103F-16F7-4668-BE54-9A1E7A4F7556}") = "Day 4", "Day 4\Day 4.csproj", "{028E8E18-8A28-4EE7-830B-2B440035380F}"
EndProject
Project("{9A19103F-16F7-4668-BE54-9A1E7A4F7556}") = "Day 5", "Day 5\Day 5.csproj", "{1FAFA7B2-BDDC-47DA-8178-826AF28B702B}"
EndProject
Project("{9A19103F-16F7-4668-BE54-9A1E7A4F7556}") = "Day 6", "Day 6\Day 6.csproj", "{53DF1263-671A-4DAE-BCCF-B18C944718EA}"
EndProject
Project("{9A19103F-16F7-4668-BE54-9A1E7A4F7556}") = "Day 7", "Day 7\Day 7.csproj", "{5106271D-FBAD-4EE9-9FB0-A1B3152794E9}"
EndProject
Project("{9A19103F-16F7-4668-BE54-9A1E7A4F7556}") = "Day 8", "Day 8\Day 8.csproj", "{84D9ACEB-8420-4581-B14E-DEB7D5B5A01C}"
EndProject
Project("{9A19103F-16F7-4668-BE54-9A1E7A4F7556}") = "Day 9", "Day 9\Day 9.csproj", "{0DD004FD-9D1C-4C3E-B302-50FC132EF753}"
EndProject
Project("{9A19103F-16F7-4668-BE54-9A1E7A4F7556}") = "Day 10", "Day 10\Day 10.csproj", "{55659113-D0A2-439D-B590-7664F592AF53}"
EndProject
Project("{9A19103F-16F7-4668-BE54-9A1E7A4F7556}") = "Day 11", "Day 11\Day 11.csproj", "{631CAB92-70A5-4DFE-8244-116C5636CDFA}"
EndProject
Project("{9A19103F-16F7-4668-BE54-9A1E7A4F7556}") = "Day 12", "Day 12\Day 12.csproj", "{1A3FE1C9-92E1-4FC5-BF6B-C44F623E4E68}"
EndProject
Project("{9A19103F-16F7-4668-BE54-9A1E7A4F7556}") = "Day 13", "Day 13\Day 13.csproj", "{2328ECF5-3C2C-41A9-853F-829E77A57F9C}"
EndProject
Project("{9A19103F-16F7-4668-BE54-9A1E7A4F7556}") = "Day 14", "Day 14\Day 14.csproj", "{B6AECD95-48BB-4289-8C6E-872B2AC727CD}"
EndProject
Project("{FAE04EC0-301F-11D3-BF4B-00C04F79EFBC}") = "Day 15", "Day 15\Day 15.csproj", "{923E7536-7B26-48A5-9376-EB4657357B24}"
EndProject
Global
	GlobalSection(SolutionConfigurationPlatforms) = preSolution
		Debug|Any CPU = Debug|Any CPU
		Release|Any CPU = Release|Any CPU
	EndGlobalSection
	GlobalSection(ProjectConfigurationPlatforms) = postSolution
		{F0F5AB39-A172-4CE0-B216-B7BCF8F1D7B6}.Debug|Any CPU.ActiveCfg = Debug|Any CPU
		{F0F5AB39-A172-4CE0-B216-B7BCF8F1D7B6}.Debug|Any CPU.Build.0 = Debug|Any CPU
		{F0F5AB39-A172-4CE0-B216-B7BCF8F1D7B6}.Release|Any CPU.ActiveCfg = Release|Any CPU
		{F0F5AB39-A172-4CE0-B216-B7BCF8F1D7B6}.Release|Any CPU.Build.0 = Release|Any CPU
		{D2F18E13-8CBF-4BBD-9E51-6E799A334C2F}.Debug|Any CPU.ActiveCfg = Debug|Any CPU
		{D2F18E13-8CBF-4BBD-9E51-6E799A334C2F}.Debug|Any CPU.Build.0 = Debug|Any CPU
		{D2F18E13-8CBF-4BBD-9E51-6E799A334C2F}.Release|Any CPU.ActiveCfg = Release|Any CPU
		{D2F18E13-8CBF-4BBD-9E51-6E799A334C2F}.Release|Any CPU.Build.0 = Release|Any CPU
		{1AD309C2-8980-4DAF-8454-70787948260A}.Debug|Any CPU.ActiveCfg = Debug|Any CPU
		{1AD309C2-8980-4DAF-8454-70787948260A}.Debug|Any CPU.Build.0 = Debug|Any CPU
		{1AD309C2-8980-4DAF-8454-70787948260A}.Release|Any CPU.ActiveCfg = Release|Any CPU
		{1AD309C2-8980-4DAF-8454-70787948260A}.Release|Any CPU.Build.0 = Release|Any CPU
		{4608614B-C237-4B1F-93C3-A920C1C79137}.Debug|Any CPU.ActiveCfg = Debug|Any CPU
		{4608614B-C237-4B1F-93C3-A920C1C79137}.Debug|Any CPU.Build.0 = Debug|Any CPU
		{4608614B-C237-4B1F-93C3-A920C1C79137}.Release|Any CPU.ActiveCfg = Release|Any CPU
		{4608614B-C237-4B1F-93C3-A920C1C79137}.Release|Any CPU.Build.0 = Release|Any CPU
		{028E8E18-8A28-4EE7-830B-2B440035380F}.Debug|Any CPU.ActiveCfg = Debug|Any CPU
		{028E8E18-8A28-4EE7-830B-2B440035380F}.Debug|Any CPU.Build.0 = Debug|Any CPU
		{028E8E18-8A28-4EE7-830B-2B440035380F}.Release|Any CPU.ActiveCfg = Release|Any CPU
		{028E8E18-8A28-4EE7-830B-2B440035380F}.Release|Any CPU.Build.0 = Release|Any CPU
		{1FAFA7B2-BDDC-47DA-8178-826AF28B702B}.Debug|Any CPU.ActiveCfg = Debug|Any CPU
		{1FAFA7B2-BDDC-47DA-8178-826AF28B702B}.Debug|Any CPU.Build.0 = Debug|Any CPU
		{1FAFA7B2-BDDC-47DA-8178-826AF28B702B}.Release|Any CPU.ActiveCfg = Release|Any CPU
		{1FAFA7B2-BDDC-47DA-8178-826AF28B702B}.Release|Any CPU.Build.0 = Release|Any CPU
		{53DF1263-671A-4DAE-BCCF-B18C944718EA}.Debug|Any CPU.ActiveCfg = Debug|Any CPU
		{53DF1263-671A-4DAE-BCCF-B18C944718EA}.Debug|Any CPU.Build.0 = Debug|Any CPU
		{53DF1263-671A-4DAE-BCCF-B18C944718EA}.Release|Any CPU.ActiveCfg = Release|Any CPU
		{53DF1263-671A-4DAE-BCCF-B18C944718EA}.Release|Any CPU.Build.0 = Release|Any CPU
		{5106271D-FBAD-4EE9-9FB0-A1B3152794E9}.Debug|Any CPU.ActiveCfg = Debug|Any CPU
		{5106271D-FBAD-4EE9-9FB0-A1B3152794E9}.Debug|Any CPU.Build.0 = Debug|Any CPU
		{5106271D-FBAD-4EE9-9FB0-A1B3152794E9}.Release|Any CPU.ActiveCfg = Release|Any CPU
		{5106271D-FBAD-4EE9-9FB0-A1B3152794E9}.Release|Any CPU.Build.0 = Release|Any CPU
		{84D9ACEB-8420-4581-B14E-DEB7D5B5A01C}.Debug|Any CPU.ActiveCfg = Debug|Any CPU
		{84D9ACEB-8420-4581-B14E-DEB7D5B5A01C}.Debug|Any CPU.Build.0 = Debug|Any CPU
		{84D9ACEB-8420-4581-B14E-DEB7D5B5A01C}.Release|Any CPU.ActiveCfg = Release|Any CPU
		{84D9ACEB-8420-4581-B14E-DEB7D5B5A01C}.Release|Any CPU.Build.0 = Release|Any CPU
		{0DD004FD-9D1C-4C3E-B302-50FC132EF753}.Debug|Any CPU.ActiveCfg = Debug|Any CPU
		{0DD004FD-9D1C-4C3E-B302-50FC132EF753}.Debug|Any CPU.Build.0 = Debug|Any CPU
		{0DD004FD-9D1C-4C3E-B302-50FC132EF753}.Release|Any CPU.ActiveCfg = Release|Any CPU
		{0DD004FD-9D1C-4C3E-B302-50FC132EF753}.Release|Any CPU.Build.0 = Release|Any CPU
		{55659113-D0A2-439D-B590-7664F592AF53}.Debug|Any CPU.ActiveCfg = Debug|Any CPU
		{55659113-D0A2-439D-B590-7664F592AF53}.Debug|Any CPU.Build.0 = Debug|Any CPU
		{55659113-D0A2-439D-B590-7664F592AF53}.Release|Any CPU.ActiveCfg = Release|Any CPU
		{55659113-D0A2-439D-B590-7664F592AF53}.Release|Any CPU.Build.0 = Release|Any CPU
		{631CAB92-70A5-4DFE-8244-116C5636CDFA}.Debug|Any CPU.ActiveCfg = Debug|Any CPU
		{631CAB92-70A5-4DFE-8244-116C5636CDFA}.Debug|Any CPU.Build.0 = Debug|Any CPU
		{631CAB92-70A5-4DFE-8244-116C5636CDFA}.Release|Any CPU.ActiveCfg = Release|Any CPU
		{631CAB92-70A5-4DFE-8244-116C5636CDFA}.Release|Any CPU.Build.0 = Release|Any CPU
		{1A3FE1C9-92E1-4FC5-BF6B-C44F623E4E68}.Debug|Any CPU.ActiveCfg = Debug|Any CPU
		{1A3FE1C9-92E1-4FC5-BF6B-C44F623E4E68}.Debug|Any CPU.Build.0 = Debug|Any CPU
		{1A3FE1C9-92E1-4FC5-BF6B-C44F623E4E68}.Release|Any CPU.ActiveCfg = Release|Any CPU
		{1A3FE1C9-92E1-4FC5-BF6B-C44F623E4E68}.Release|Any CPU.Build.0 = Release|Any CPU
		{2328ECF5-3C2C-41A9-853F-829E77A57F9C}.Debug|Any CPU.ActiveCfg = Debug|Any CPU
		{2328ECF5-3C2C-41A9-853F-829E77A57F9C}.Debug|Any CPU.Build.0 = Debug|Any CPU
		{2328ECF5-3C2C-41A9-853F-829E77A57F9C}.Release|Any CPU.ActiveCfg = Release|Any CPU
		{2328ECF5-3C2C-41A9-853F-829E77A57F9C}.Release|Any CPU.Build.0 = Release|Any CPU
		{B6AECD95-48BB-4289-8C6E-872B2AC727CD}.Debug|Any CPU.ActiveCfg = Debug|Any CPU
		{B6AECD95-48BB-4289-8C6E-872B2AC727CD}.Debug|Any CPU.Build.0 = Debug|Any CPU
		{B6AECD95-48BB-4289-8C6E-872B2AC727CD}.Release|Any CPU.ActiveCfg = Release|Any CPU
		{B6AECD95-48BB-4289-8C6E-872B2AC727CD}.Release|Any CPU.Build.0 = Release|Any CPU
		{923E7536-7B26-48A5-9376-EB4657357B24}.Debug|Any CPU.ActiveCfg = Debug|Any CPU
		{923E7536-7B26-48A5-9376-EB4657357B24}.Debug|Any CPU.Build.0 = Debug|Any CPU
		{923E7536-7B26-48A5-9376-EB4657357B24}.Release|Any CPU.ActiveCfg = Release|Any CPU
		{923E7536-7B26-48A5-9376-EB4657357B24}.Release|Any CPU.Build.0 = Release|Any CPU
	EndGlobalSection
	GlobalSection(SolutionProperties) = preSolution
		HideSolutionNode = FALSE
	EndGlobalSection
	GlobalSection(ExtensibilityGlobals) = postSolution
		SolutionGuid = {4E5CB068-1FE2-4C90-87F1-223D91D6EF69}
	EndGlobalSection
EndGlobal
